// !$*UTF8*$!
{
	archiveVersion = 1;
	classes = {
	};
	objectVersion = 56;
	objects = {

/* Begin PBXBuildFile section */
		9A3B7AB62ABB1EA6001CD9DB /* AppDelegate.swift in Sources */ = {isa = PBXBuildFile; fileRef = 9A3B7AB52ABB1EA6001CD9DB /* AppDelegate.swift */; };
		9A3B7AB82ABB1EA6001CD9DB /* SceneDelegate.swift in Sources */ = {isa = PBXBuildFile; fileRef = 9A3B7AB72ABB1EA6001CD9DB /* SceneDelegate.swift */; };
		9A3B7ABA2ABB1EA6001CD9DB /* ViewController.swift in Sources */ = {isa = PBXBuildFile; fileRef = 9A3B7AB92ABB1EA6001CD9DB /* ViewController.swift */; };
		9A3B7ABD2ABB1EA6001CD9DB /* Main.storyboard in Resources */ = {isa = PBXBuildFile; fileRef = 9A3B7ABB2ABB1EA6001CD9DB /* Main.storyboard */; };
		9A3B7ABF2ABB1EA7001CD9DB /* Assets.xcassets in Resources */ = {isa = PBXBuildFile; fileRef = 9A3B7ABE2ABB1EA7001CD9DB /* Assets.xcassets */; };
		9A3B7AC22ABB1EA7001CD9DB /* LaunchScreen.storyboard in Resources */ = {isa = PBXBuildFile; fileRef = 9A3B7AC02ABB1EA7001CD9DB /* LaunchScreen.storyboard */; };
		9A3B7ACA2ABB1EC0001CD9DB /* Libgmp.xcframework in Frameworks */ = {isa = PBXBuildFile; fileRef = 9A3B7AC92ABB1EC0001CD9DB /* Libgmp.xcframework */; };
/* End PBXBuildFile section */

/* Begin PBXFileReference section */
		9A3B7AB22ABB1EA6001CD9DB /* testGMP.app */ = {isa = PBXFileReference; explicitFileType = wrapper.application; includeInIndex = 0; path = testGMP.app; sourceTree = BUILT_PRODUCTS_DIR; };
		9A3B7AB52ABB1EA6001CD9DB /* AppDelegate.swift */ = {isa = PBXFileReference; lastKnownFileType = sourcecode.swift; path = AppDelegate.swift; sourceTree = "<group>"; };
		9A3B7AB72ABB1EA6001CD9DB /* SceneDelegate.swift */ = {isa = PBXFileReference; lastKnownFileType = sourcecode.swift; path = SceneDelegate.swift; sourceTree = "<group>"; };
		9A3B7AB92ABB1EA6001CD9DB /* ViewController.swift */ = {isa = PBXFileReference; lastKnownFileType = sourcecode.swift; path = ViewController.swift; sourceTree = "<group>"; };
		9A3B7ABC2ABB1EA6001CD9DB /* Base */ = {isa = PBXFileReference; lastKnownFileType = file.storyboard; name = Base; path = Base.lproj/Main.storyboard; sourceTree = "<group>"; };
		9A3B7ABE2ABB1EA7001CD9DB /* Assets.xcassets */ = {isa = PBXFileReference; lastKnownFileType = folder.assetcatalog; path = Assets.xcassets; sourceTree = "<group>"; };
		9A3B7AC12ABB1EA7001CD9DB /* Base */ = {isa = PBXFileReference; lastKnownFileType = file.storyboard; name = Base; path = Base.lproj/LaunchScreen.storyboard; sourceTree = "<group>"; };
		9A3B7AC32ABB1EA7001CD9DB /* Info.plist */ = {isa = PBXFileReference; lastKnownFileType = text.plist.xml; path = Info.plist; sourceTree = "<group>"; };
		9A3B7AC92ABB1EC0001CD9DB /* Libgmp.xcframework */ = {isa = PBXFileReference; lastKnownFileType = wrapper.xcframework; path = Libgmp.xcframework; sourceTree = "<group>"; };
/* End PBXFileReference section */

/* Begin PBXFrameworksBuildPhase section */
		9A3B7AAF2ABB1EA6001CD9DB /* Frameworks */ = {
			isa = PBXFrameworksBuildPhase;
			buildActionMask = 2147483647;
			files = (
				9A3B7ACA2ABB1EC0001CD9DB /* Libgmp.xcframework in Frameworks */,
			);
			runOnlyForDeploymentPostprocessing = 0;
		};
/* End PBXFrameworksBuildPhase section */

/* Begin PBXGroup section */
		9A3B7AA92ABB1EA6001CD9DB = {
			isa = PBXGroup;
			children = (
				9A3B7AB42ABB1EA6001CD9DB /* testGMP */,
				9A3B7AB32ABB1EA6001CD9DB /* Products */,
			);
			sourceTree = "<group>";
		};
		9A3B7AB32ABB1EA6001CD9DB /* Products */ = {
			isa = PBXGroup;
			children = (
				9A3B7AB22ABB1EA6001CD9DB /* testGMP.app */,
			);
			name = Products;
			sourceTree = "<group>";
		};
		9A3B7AB42ABB1EA6001CD9DB /* testGMP */ = {
			isa = PBXGroup;
			children = (
				9A3B7AB52ABB1EA6001CD9DB /* AppDelegate.swift */,
				9A3B7AB72ABB1EA6001CD9DB /* SceneDelegate.swift */,
				9A3B7AB92ABB1EA6001CD9DB /* ViewController.swift */,
				9A3B7ABB2ABB1EA6001CD9DB /* Main.storyboard */,
				9A3B7ABE2ABB1EA7001CD9DB /* Assets.xcassets */,
				9A3B7AC02ABB1EA7001CD9DB /* LaunchScreen.storyboard */,
				9A3B7AC32ABB1EA7001CD9DB /* Info.plist */,
				9A3B7AC92ABB1EC0001CD9DB /* Libgmp.xcframework */,
			);
			path = testGMP;
			sourceTree = "<group>";
		};
/* End PBXGroup section */

/* Begin PBXNativeTarget section */
		9A3B7AB12ABB1EA6001CD9DB /* testGMP */ = {
			isa = PBXNativeTarget;
			buildConfigurationList = 9A3B7AC62ABB1EA7001CD9DB /* Build configuration list for PBXNativeTarget "testGMP" */;
			buildPhases = (
				9A3B7AAE2ABB1EA6001CD9DB /* Sources */,
				9A3B7AAF2ABB1EA6001CD9DB /* Frameworks */,
				9A3B7AB02ABB1EA6001CD9DB /* Resources */,
			);
			buildRules = (
			);
			dependencies = (
			);
			name = testGMP;
			productName = testGMP;
			productReference = 9A3B7AB22ABB1EA6001CD9DB /* testGMP.app */;
			productType = "com.apple.product-type.application";
		};
/* End PBXNativeTarget section */

/* Begin PBXProject section */
		9A3B7AAA2ABB1EA6001CD9DB /* Project object */ = {
			isa = PBXProject;
			attributes = {
				BuildIndependentTargetsInParallel = 1;
				LastSwiftUpdateCheck = 1430;
				LastUpgradeCheck = 1430;
				TargetAttributes = {
					9A3B7AB12ABB1EA6001CD9DB = {
						CreatedOnToolsVersion = 14.3.1;
					};
				};
			};
			buildConfigurationList = 9A3B7AAD2ABB1EA6001CD9DB /* Build configuration list for PBXProject "testGMP" */;
			compatibilityVersion = "Xcode 14.0";
			developmentRegion = en;
			hasScannedForEncodings = 0;
			knownRegions = (
				en,
				Base,
			);
			mainGroup = 9A3B7AA92ABB1EA6001CD9DB;
			productRefGroup = 9A3B7AB32ABB1EA6001CD9DB /* Products */;
			projectDirPath = "";
			projectRoot = "";
			targets = (
				9A3B7AB12ABB1EA6001CD9DB /* testGMP */,
			);
		};
/* End PBXProject section */

/* Begin PBXResourcesBuildPhase section */
		9A3B7AB02ABB1EA6001CD9DB /* Resources */ = {
			isa = PBXResourcesBuildPhase;
			buildActionMask = 2147483647;
			files = (
				9A3B7AC22ABB1EA7001CD9DB /* LaunchScreen.storyboard in Resources */,
				9A3B7ABF2ABB1EA7001CD9DB /* Assets.xcassets in Resources */,
				9A3B7ABD2ABB1EA6001CD9DB /* Main.storyboard in Resources */,
			);
			runOnlyForDeploymentPostprocessing = 0;
		};
/* End PBXResourcesBuildPhase section */

/* Begin PBXSourcesBuildPhase section */
		9A3B7AAE2ABB1EA6001CD9DB /* Sources */ = {
			isa = PBXSourcesBuildPhase;
			buildActionMask = 2147483647;
			files = (
				9A3B7ABA2ABB1EA6001CD9DB /* ViewController.swift in Sources */,
				9A3B7AB62ABB1EA6001CD9DB /* AppDelegate.swift in Sources */,
				9A3B7AB82ABB1EA6001CD9DB /* SceneDelegate.swift in Sources */,
			);
			runOnlyForDeploymentPostprocessing = 0;
		};
/* End PBXSourcesBuildPhase section */

/* Begin PBXVariantGroup section */
		9A3B7ABB2ABB1EA6001CD9DB /* Main.storyboard */ = {
			isa = PBXVariantGroup;
			children = (
				9A3B7ABC2ABB1EA6001CD9DB /* Base */,
			);
			name = Main.storyboard;
			sourceTree = "<group>";
		};
		9A3B7AC02ABB1EA7001CD9DB /* LaunchScreen.storyboard */ = {
			isa = PBXVariantGroup;
			children = (
				9A3B7AC12ABB1EA7001CD9DB /* Base */,
			);
			name = LaunchScreen.storyboard;
			sourceTree = "<group>";
		};
/* End PBXVariantGroup section */

/* Begin XCBuildConfiguration section */
		9A3B7AC42ABB1EA7001CD9DB /* Debug */ = {
			isa = XCBuildConfiguration;
			buildSettings = {
				ALWAYS_SEARCH_USER_PATHS = NO;
				CLANG_ANALYZER_NONNULL = YES;
				CLANG_ANALYZER_NUMBER_OBJECT_CONVERSION = YES_AGGRESSIVE;
				CLANG_CXX_LANGUAGE_STANDARD = "gnu++20";
				CLANG_ENABLE_MODULES = YES;
				CLANG_ENABLE_OBJC_ARC = YES;
				CLANG_ENABLE_OBJC_WEAK = YES;
				CLANG_WARN_BLOCK_CAPTURE_AUTORELEASING = YES;
				CLANG_WARN_BOOL_CONVERSION = YES;
				CLANG_WARN_COMMA = YES;
				CLANG_WARN_CONSTANT_CONVERSION = YES;
				CLANG_WARN_DEPRECATED_OBJC_IMPLEMENTATIONS = YES;
				CLANG_WARN_DIRECT_OBJC_ISA_USAGE = YES_ERROR;
				CLANG_WARN_DOCUMENTATION_COMMENTS = YES;
				CLANG_WARN_EMPTY_BODY = YES;
				CLANG_WARN_ENUM_CONVERSION = YES;
				CLANG_WARN_INFINITE_RECURSION = YES;
				CLANG_WARN_INT_CONVERSION = YES;
				CLANG_WARN_NON_LITERAL_NULL_CONVERSION = YES;
				CLANG_WARN_OBJC_IMPLICIT_RETAIN_SELF = YES;
				CLANG_WARN_OBJC_LITERAL_CONVERSION = YES;
				CLANG_WARN_OBJC_ROOT_CLASS = YES_ERROR;
				CLANG_WARN_QUOTED_INCLUDE_IN_FRAMEWORK_HEADER = YES;
				CLANG_WARN_RANGE_LOOP_ANALYSIS = YES;
				CLANG_WARN_STRICT_PROTOTYPES = YES;
				CLANG_WARN_SUSPICIOUS_MOVE = YES;
				CLANG_WARN_UNGUARDED_AVAILABILITY = YES_AGGRESSIVE;
				CLANG_WARN_UNREACHABLE_CODE = YES;
				CLANG_WARN__DUPLICATE_METHOD_MATCH = YES;
				COPY_PHASE_STRIP = NO;
				DEBUG_INFORMATION_FORMAT = dwarf;
				ENABLE_STRICT_OBJC_MSGSEND = YES;
				ENABLE_TESTABILITY = YES;
				GCC_C_LANGUAGE_STANDARD = gnu11;
				GCC_DYNAMIC_NO_PIC = NO;
				GCC_NO_COMMON_BLOCKS = YES;
				GCC_OPTIMIZATION_LEVEL = 0;
				GCC_PREPROCESSOR_DEFINITIONS = (
					"DEBUG=1",
					"$(inherited)",
				);
				GCC_WARN_64_TO_32_BIT_CONVERSION = YES;
				GCC_WARN_ABOUT_RETURN_TYPE = YES_ERROR;
				GCC_WARN_UNDECLARED_SELECTOR = YES;
				GCC_WARN_UNINITIALIZED_AUTOS = YES_AGGRESSIVE;
				GCC_WARN_UNUSED_FUNCTION = YES;
				GCC_WARN_UNUSED_VARIABLE = YES;
				IPHONEOS_DEPLOYMENT_TARGET = 16.4;
				MTL_ENABLE_DEBUG_INFO = INCLUDE_SOURCE;
				MTL_FAST_MATH = YES;
				ONLY_ACTIVE_ARCH = YES;
				SDKROOT = iphoneos;
				SWIFT_ACTIVE_COMPILATION_CONDITIONS = DEBUG;
				SWIFT_OPTIMIZATION_LEVEL = "-Onone";
			};
			name = Debug;
		};
		9A3B7AC52ABB1EA7001CD9DB /* Release */ = {
			isa = XCBuildConfiguration;
			buildSettings = {
				ALWAYS_SEARCH_USER_PATHS = NO;
				CLANG_ANALYZER_NONNULL = YES;
				CLANG_ANALYZER_NUMBER_OBJECT_CONVERSION = YES_AGGRESSIVE;
				CLANG_CXX_LANGUAGE_STANDARD = "gnu++20";
				CLANG_ENABLE_MODULES = YES;
				CLANG_ENABLE_OBJC_ARC = YES;
				CLANG_ENABLE_OBJC_WEAK = YES;
				CLANG_WARN_BLOCK_CAPTURE_AUTORELEASING = YES;
				CLANG_WARN_BOOL_CONVERSION = YES;
				CLANG_WARN_COMMA = YES;
				CLANG_WARN_CONSTANT_CONVERSION = YES;
				CLANG_WARN_DEPRECATED_OBJC_IMPLEMENTATIONS = YES;
				CLANG_WARN_DIRECT_OBJC_ISA_USAGE = YES_ERROR;
				CLANG_WARN_DOCUMENTATION_COMMENTS = YES;
				CLANG_WARN_EMPTY_BODY = YES;
				CLANG_WARN_ENUM_CONVERSION = YES;
				CLANG_WARN_INFINITE_RECURSION = YES;
				CLANG_WARN_INT_CONVERSION = YES;
				CLANG_WARN_NON_LITERAL_NULL_CONVERSION = YES;
				CLANG_WARN_OBJC_IMPLICIT_RETAIN_SELF = YES;
				CLANG_WARN_OBJC_LITERAL_CONVERSION = YES;
				CLANG_WARN_OBJC_ROOT_CLASS = YES_ERROR;
				CLANG_WARN_QUOTED_INCLUDE_IN_FRAMEWORK_HEADER = YES;
				CLANG_WARN_RANGE_LOOP_ANALYSIS = YES;
				CLANG_WARN_STRICT_PROTOTYPES = YES;
				CLANG_WARN_SUSPICIOUS_MOVE = YES;
				CLANG_WARN_UNGUARDED_AVAILABILITY = YES_AGGRESSIVE;
				CLANG_WARN_UNREACHABLE_CODE = YES;
				CLANG_WARN__DUPLICATE_METHOD_MATCH = YES;
				COPY_PHASE_STRIP = NO;
				DEBUG_INFORMATION_FORMAT = "dwarf-with-dsym";
				ENABLE_NS_ASSERTIONS = NO;
				ENABLE_STRICT_OBJC_MSGSEND = YES;
				GCC_C_LANGUAGE_STANDARD = gnu11;
				GCC_NO_COMMON_BLOCKS = YES;
				GCC_WARN_64_TO_32_BIT_CONVERSION = YES;
				GCC_WARN_ABOUT_RETURN_TYPE = YES_ERROR;
				GCC_WARN_UNDECLARED_SELECTOR = YES;
				GCC_WARN_UNINITIALIZED_AUTOS = YES_AGGRESSIVE;
				GCC_WARN_UNUSED_FUNCTION = YES;
				GCC_WARN_UNUSED_VARIABLE = YES;
				IPHONEOS_DEPLOYMENT_TARGET = 16.4;
				MTL_ENABLE_DEBUG_INFO = NO;
				MTL_FAST_MATH = YES;
				SDKROOT = iphoneos;
				SWIFT_COMPILATION_MODE = wholemodule;
				SWIFT_OPTIMIZATION_LEVEL = "-O";
				VALIDATE_PRODUCT = YES;
			};
			name = Release;
		};
		9A3B7AC72ABB1EA7001CD9DB /* Debug */ = {
			isa = XCBuildConfiguration;
			buildSettings = {
				ASSETCATALOG_COMPILER_APPICON_NAME = AppIcon;
				ASSETCATALOG_COMPILER_GLOBAL_ACCENT_COLOR_NAME = AccentColor;
				CODE_SIGN_STYLE = Automatic;
				CURRENT_PROJECT_VERSION = 1;
				DEVELOPMENT_TEAM = T2DT6C6U3X;
				GENERATE_INFOPLIST_FILE = YES;
				INFOPLIST_FILE = testGMP/Info.plist;
				INFOPLIST_KEY_UIApplicationSupportsIndirectInputEvents = YES;
				INFOPLIST_KEY_UILaunchStoryboardName = LaunchScreen;
				INFOPLIST_KEY_UIMainStoryboardFile = Main;
				INFOPLIST_KEY_UISupportedInterfaceOrientations_iPad = "UIInterfaceOrientationPortrait UIInterfaceOrientationPortraitUpsideDown UIInterfaceOrientationLandscapeLeft UIInterfaceOrientationLandscapeRight";
				INFOPLIST_KEY_UISupportedInterfaceOrientations_iPhone = "UIInterfaceOrientationPortrait UIInterfaceOrientationLandscapeLeft UIInterfaceOrientationLandscapeRight";
				LD_RUNPATH_SEARCH_PATHS = (
					"$(inherited)",
					"@executable_path/Frameworks",
				);
				MARKETING_VERSION = 1.0;
				PRODUCT_BUNDLE_IDENTIFIER = com.cleverlearn.tokenCapture.testGMP;
				PRODUCT_NAME = "$(TARGET_NAME)";
				SWIFT_EMIT_LOC_STRINGS = YES;
				SWIFT_VERSION = 5.0;
				TARGETED_DEVICE_FAMILY = "1,2";
			};
			name = Debug;
		};
		9A3B7AC82ABB1EA7001CD9DB /* Release */ = {
			isa = XCBuildConfiguration;
			buildSettings = {
				ASSETCATALOG_COMPILER_APPICON_NAME = AppIcon;
				ASSETCATALOG_COMPILER_GLOBAL_ACCENT_COLOR_NAME = AccentColor;
				CODE_SIGN_STYLE = Automatic;
				CURRENT_PROJECT_VERSION = 1;
				DEVELOPMENT_TEAM = T2DT6C6U3X;
				GENERATE_INFOPLIST_FILE = YES;
				INFOPLIST_FILE = testGMP/Info.plist;
				INFOPLIST_KEY_UIApplicationSupportsIndirectInputEvents = YES;
				INFOPLIST_KEY_UILaunchStoryboardName = LaunchScreen;
				INFOPLIST_KEY_UIMainStoryboardFile = Main;
				INFOPLIST_KEY_UISupportedInterfaceOrientations_iPad = "UIInterfaceOrientationPortrait UIInterfaceOrientationPortraitUpsideDown UIInterfaceOrientationLandscapeLeft UIInterfaceOrientationLandscapeRight";
				INFOPLIST_KEY_UISupportedInterfaceOrientations_iPhone = "UIInterfaceOrientationPortrait UIInterfaceOrientationLandscapeLeft UIInterfaceOrientationLandscapeRight";
				LD_RUNPATH_SEARCH_PATHS = (
					"$(inherited)",
					"@executable_path/Frameworks",
				);
				MARKETING_VERSION = 1.0;
				PRODUCT_BUNDLE_IDENTIFIER = com.cleverlearn.tokenCapture.testGMP;
				PRODUCT_NAME = "$(TARGET_NAME)";
				SWIFT_EMIT_LOC_STRINGS = YES;
				SWIFT_VERSION = 5.0;
				TARGETED_DEVICE_FAMILY = "1,2";
			};
			name = Release;
		};
/* End XCBuildConfiguration section */

/* Begin XCConfigurationList section */
		9A3B7AAD2ABB1EA6001CD9DB /* Build configuration list for PBXProject "testGMP" */ = {
			isa = XCConfigurationList;
			buildConfigurations = (
				9A3B7AC42ABB1EA7001CD9DB /* Debug */,
				9A3B7AC52ABB1EA7001CD9DB /* Release */,
			);
			defaultConfigurationIsVisible = 0;
			defaultConfigurationName = Release;
		};
		9A3B7AC62ABB1EA7001CD9DB /* Build configuration list for PBXNativeTarget "testGMP" */ = {
			isa = XCConfigurationList;
			buildConfigurations = (
				9A3B7AC72ABB1EA7001CD9DB /* Debug */,
				9A3B7AC82ABB1EA7001CD9DB /* Release */,
			);
			defaultConfigurationIsVisible = 0;
			defaultConfigurationName = Release;
		};
/* End XCConfigurationList section */
	};
	rootObject = 9A3B7AAA2ABB1EA6001CD9DB /* Project object */;
}
